
Microsoft Visual Studio Solution File, Format Version 12.00
# Visual Studio Version 17
VisualStudioVersion = 17.1.32228.430
MinimumVisualStudioVersion = 10.0.40219.1
Project("{FAE04EC0-301F-11D3-BF4B-00C04F79EFBC}") = "Week6_P5_", "Week6_P5_.csproj", "{74F0A385-7FA5-441E-8C77-52AA0ED456B1}"
EndProject
Global
	GlobalSection(SolutionConfigurationPlatforms) = preSolution
		Debug|Any CPU = Debug|Any CPU
		Release|Any CPU = Release|Any CPU
	EndGlobalSection
	GlobalSection(ProjectConfigurationPlatforms) = postSolution
		{74F0A385-7FA5-441E-8C77-52AA0ED456B1}.Debug|Any CPU.ActiveCfg = Debug|Any CPU
		{74F0A385-7FA5-441E-8C77-52AA0ED456B1}.Debug|Any CPU.Build.0 = Debug|Any CPU
		{74F0A385-7FA5-441E-8C77-52AA0ED456B1}.Release|Any CPU.ActiveCfg = Release|Any CPU
		{74F0A385-7FA5-441E-8C77-52AA0ED456B1}.Release|Any CPU.Build.0 = Release|Any CPU
	EndGlobalSection
	GlobalSection(SolutionProperties) = preSolution
		HideSolutionNode = FALSE
	EndGlobalSection
	GlobalSection(ExtensibilityGlobals) = postSolution
		SolutionGuid = {602953F4-CF85-423B-A9CE-EB399FF4A100}
	EndGlobalSection
EndGlobal
